// !$*UTF8*$!
{
	archiveVersion = 1;
	classes = {
	};
	objectVersion = 50;
	objects = {

/* Begin PBXBuildFile section */
		5F165C5926C003C40097C50E /* AppDelegate.swift in Sources */ = {isa = PBXBuildFile; fileRef = 5F165C5826C003C40097C50E /* AppDelegate.swift */; };
		5F165C5B26C003C40097C50E /* SceneDelegate.swift in Sources */ = {isa = PBXBuildFile; fileRef = 5F165C5A26C003C40097C50E /* SceneDelegate.swift */; };
		5F165C5D26C003C40097C50E /* FeedViewController.swift in Sources */ = {isa = PBXBuildFile; fileRef = 5F165C5C26C003C40097C50E /* FeedViewController.swift */; };
		5F165C6026C003C40097C50E /* Main.storyboard in Resources */ = {isa = PBXBuildFile; fileRef = 5F165C5E26C003C40097C50E /* Main.storyboard */; };
		5F165C6226C003C70097C50E /* Assets.xcassets in Resources */ = {isa = PBXBuildFile; fileRef = 5F165C6126C003C70097C50E /* Assets.xcassets */; };
		5F165C6526C003C70097C50E /* LaunchScreen.storyboard in Resources */ = {isa = PBXBuildFile; fileRef = 5F165C6326C003C70097C50E /* LaunchScreen.storyboard */; };
		5F165C7226C0104D0097C50E /* AlbumEntity.swift in Sources */ = {isa = PBXBuildFile; fileRef = 5F165C7126C0104D0097C50E /* AlbumEntity.swift */; };
		5F165C7626C011710097C50E /* FeedInteractor.swift in Sources */ = {isa = PBXBuildFile; fileRef = 5F165C7526C011710097C50E /* FeedInteractor.swift */; };
		5F165C7826C011850097C50E /* FeedProtocols.swift in Sources */ = {isa = PBXBuildFile; fileRef = 5F165C7726C011850097C50E /* FeedProtocols.swift */; };
		5F165C7A26C011910097C50E /* FeedPresenter.swift in Sources */ = {isa = PBXBuildFile; fileRef = 5F165C7926C011910097C50E /* FeedPresenter.swift */; };
		5F165C7C26C011C20097C50E /* FeedRouter.swift in Sources */ = {isa = PBXBuildFile; fileRef = 5F165C7B26C011C20097C50E /* FeedRouter.swift */; };
		5F165C7F26C0162A0097C50E /* Constants.swift in Sources */ = {isa = PBXBuildFile; fileRef = 5F165C7E26C0162A0097C50E /* Constants.swift */; };
		5F165C8326C0190F0097C50E /* AlbumDetailsRouter.swift in Sources */ = {isa = PBXBuildFile; fileRef = 5F165C8226C0190F0097C50E /* AlbumDetailsRouter.swift */; };
		5F165C8626C0191F0097C50E /* AlbumDetailsPresenter.swift in Sources */ = {isa = PBXBuildFile; fileRef = 5F165C8526C0191F0097C50E /* AlbumDetailsPresenter.swift */; };
		5F165C8826C0192A0097C50E /* AlbumDetailsProtocols.swift in Sources */ = {isa = PBXBuildFile; fileRef = 5F165C8726C0192A0097C50E /* AlbumDetailsProtocols.swift */; };
		5F165C8A26C019420097C50E /* AlbumDetailsInteractor.swift in Sources */ = {isa = PBXBuildFile; fileRef = 5F165C8926C019420097C50E /* AlbumDetailsInteractor.swift */; };
		5F165C8C26C019690097C50E /* AlbumDetailsViewController.swift in Sources */ = {isa = PBXBuildFile; fileRef = 5F165C8B26C019690097C50E /* AlbumDetailsViewController.swift */; };
		5F165C9026C01E870097C50E /* NetworkService.swift in Sources */ = {isa = PBXBuildFile; fileRef = 5F165C8F26C01E870097C50E /* NetworkService.swift */; };
/* End PBXBuildFile section */

/* Begin PBXFileReference section */
		5F165C5526C003C40097C50E /* iTunes Albums.app */ = {isa = PBXFileReference; explicitFileType = wrapper.application; includeInIndex = 0; path = "iTunes Albums.app"; sourceTree = BUILT_PRODUCTS_DIR; };
		5F165C5826C003C40097C50E /* AppDelegate.swift */ = {isa = PBXFileReference; lastKnownFileType = sourcecode.swift; path = AppDelegate.swift; sourceTree = "<group>"; };
		5F165C5A26C003C40097C50E /* SceneDelegate.swift */ = {isa = PBXFileReference; lastKnownFileType = sourcecode.swift; path = SceneDelegate.swift; sourceTree = "<group>"; };
		5F165C5C26C003C40097C50E /* FeedViewController.swift */ = {isa = PBXFileReference; lastKnownFileType = sourcecode.swift; path = FeedViewController.swift; sourceTree = "<group>"; };
		5F165C5F26C003C40097C50E /* Base */ = {isa = PBXFileReference; lastKnownFileType = file.storyboard; name = Base; path = Base.lproj/Main.storyboard; sourceTree = "<group>"; };
		5F165C6126C003C70097C50E /* Assets.xcassets */ = {isa = PBXFileReference; lastKnownFileType = folder.assetcatalog; path = Assets.xcassets; sourceTree = "<group>"; };
		5F165C6426C003C70097C50E /* Base */ = {isa = PBXFileReference; lastKnownFileType = file.storyboard; name = Base; path = Base.lproj/LaunchScreen.storyboard; sourceTree = "<group>"; };
		5F165C6626C003C70097C50E /* Info.plist */ = {isa = PBXFileReference; lastKnownFileType = text.plist.xml; path = Info.plist; sourceTree = "<group>"; };
		5F165C7126C0104D0097C50E /* AlbumEntity.swift */ = {isa = PBXFileReference; lastKnownFileType = sourcecode.swift; path = AlbumEntity.swift; sourceTree = "<group>"; };
		5F165C7526C011710097C50E /* FeedInteractor.swift */ = {isa = PBXFileReference; lastKnownFileType = sourcecode.swift; path = FeedInteractor.swift; sourceTree = "<group>"; };
		5F165C7726C011850097C50E /* FeedProtocols.swift */ = {isa = PBXFileReference; lastKnownFileType = sourcecode.swift; path = FeedProtocols.swift; sourceTree = "<group>"; };
		5F165C7926C011910097C50E /* FeedPresenter.swift */ = {isa = PBXFileReference; lastKnownFileType = sourcecode.swift; path = FeedPresenter.swift; sourceTree = "<group>"; };
		5F165C7B26C011C20097C50E /* FeedRouter.swift */ = {isa = PBXFileReference; lastKnownFileType = sourcecode.swift; path = FeedRouter.swift; sourceTree = "<group>"; };
		5F165C7E26C0162A0097C50E /* Constants.swift */ = {isa = PBXFileReference; lastKnownFileType = sourcecode.swift; path = Constants.swift; sourceTree = "<group>"; };
		5F165C8226C0190F0097C50E /* AlbumDetailsRouter.swift */ = {isa = PBXFileReference; lastKnownFileType = sourcecode.swift; path = AlbumDetailsRouter.swift; sourceTree = "<group>"; };
		5F165C8526C0191F0097C50E /* AlbumDetailsPresenter.swift */ = {isa = PBXFileReference; lastKnownFileType = sourcecode.swift; path = AlbumDetailsPresenter.swift; sourceTree = "<group>"; };
		5F165C8726C0192A0097C50E /* AlbumDetailsProtocols.swift */ = {isa = PBXFileReference; lastKnownFileType = sourcecode.swift; path = AlbumDetailsProtocols.swift; sourceTree = "<group>"; };
		5F165C8926C019420097C50E /* AlbumDetailsInteractor.swift */ = {isa = PBXFileReference; lastKnownFileType = sourcecode.swift; path = AlbumDetailsInteractor.swift; sourceTree = "<group>"; };
		5F165C8B26C019690097C50E /* AlbumDetailsViewController.swift */ = {isa = PBXFileReference; lastKnownFileType = sourcecode.swift; path = AlbumDetailsViewController.swift; sourceTree = "<group>"; };
		5F165C8F26C01E870097C50E /* NetworkService.swift */ = {isa = PBXFileReference; lastKnownFileType = sourcecode.swift; path = NetworkService.swift; sourceTree = "<group>"; };
/* End PBXFileReference section */

/* Begin PBXFrameworksBuildPhase section */
		5F165C5226C003C40097C50E /* Frameworks */ = {
			isa = PBXFrameworksBuildPhase;
			buildActionMask = 2147483647;
			files = (
			);
			runOnlyForDeploymentPostprocessing = 0;
		};
/* End PBXFrameworksBuildPhase section */

/* Begin PBXGroup section */
		5F165C4C26C003C40097C50E = {
			isa = PBXGroup;
			children = (
				5F165C5726C003C40097C50E /* iTunes Albums */,
				5F165C5626C003C40097C50E /* Products */,
			);
			sourceTree = "<group>";
		};
		5F165C5626C003C40097C50E /* Products */ = {
			isa = PBXGroup;
			children = (
				5F165C5526C003C40097C50E /* iTunes Albums.app */,
			);
			name = Products;
			sourceTree = "<group>";
		};
		5F165C5726C003C40097C50E /* iTunes Albums */ = {
			isa = PBXGroup;
			children = (
				5F165C7026C00FC10097C50E /* Common Utils */,
				5F165C6E26C004430097C50E /* App Assets */,
				5F165C6D26C0043B0097C50E /* App Modules */,
				5F165C6C26C004320097C50E /* App Settings */,
				5F165C7426C010FA0097C50E /* App UIs */,
			);
			path = "iTunes Albums";
			sourceTree = "<group>";
		};
		5F165C6C26C004320097C50E /* App Settings */ = {
			isa = PBXGroup;
			children = (
				5F165C5826C003C40097C50E /* AppDelegate.swift */,
				5F165C5A26C003C40097C50E /* SceneDelegate.swift */,
				5F165C6626C003C70097C50E /* Info.plist */,
			);
			path = "App Settings";
			sourceTree = "<group>";
		};
		5F165C6D26C0043B0097C50E /* App Modules */ = {
			isa = PBXGroup;
			children = (
				5F165C8026C018DE0097C50E /* Album Details Module */,
				5F165C6F26C00F8A0097C50E /* Feed Module */,
			);
			path = "App Modules";
			sourceTree = "<group>";
		};
		5F165C6E26C004430097C50E /* App Assets */ = {
			isa = PBXGroup;
			children = (
				5F165C6126C003C70097C50E /* Assets.xcassets */,
			);
			path = "App Assets";
			sourceTree = "<group>";
		};
		5F165C6F26C00F8A0097C50E /* Feed Module */ = {
			isa = PBXGroup;
			children = (
				5F165C7126C0104D0097C50E /* AlbumEntity.swift */,
				5F165C5C26C003C40097C50E /* FeedViewController.swift */,
				5F165C7526C011710097C50E /* FeedInteractor.swift */,
				5F165C7926C011910097C50E /* FeedPresenter.swift */,
				5F165C7B26C011C20097C50E /* FeedRouter.swift */,
				5F165C7726C011850097C50E /* FeedProtocols.swift */,
			);
			path = "Feed Module";
			sourceTree = "<group>";
		};
		5F165C7026C00FC10097C50E /* Common Utils */ = {
			isa = PBXGroup;
			children = (
				5F165C7D26C0161B0097C50E /* Enums */,
				5F165C7326C010BA0097C50E /* Services */,
			);
			path = "Common Utils";
			sourceTree = "<group>";
		};
		5F165C7326C010BA0097C50E /* Services */ = {
			isa = PBXGroup;
			children = (
				5F165C8F26C01E870097C50E /* NetworkService.swift */,
			);
			path = Services;
			sourceTree = "<group>";
		};
		5F165C7426C010FA0097C50E /* App UIs */ = {
			isa = PBXGroup;
			children = (
				5F165C5E26C003C40097C50E /* Main.storyboard */,
				5F165C6326C003C70097C50E /* LaunchScreen.storyboard */,
			);
			path = "App UIs";
			sourceTree = "<group>";
		};
		5F165C7D26C0161B0097C50E /* Enums */ = {
			isa = PBXGroup;
			children = (
				5F165C7E26C0162A0097C50E /* Constants.swift */,
			);
			path = Enums;
			sourceTree = "<group>";
		};
		5F165C8026C018DE0097C50E /* Album Details Module */ = {
			isa = PBXGroup;
			children = (
				5F165C8226C0190F0097C50E /* AlbumDetailsRouter.swift */,
				5F165C8526C0191F0097C50E /* AlbumDetailsPresenter.swift */,
				5F165C8726C0192A0097C50E /* AlbumDetailsProtocols.swift */,
				5F165C8926C019420097C50E /* AlbumDetailsInteractor.swift */,
				5F165C8B26C019690097C50E /* AlbumDetailsViewController.swift */,
			);
			path = "Album Details Module";
			sourceTree = "<group>";
		};
/* End PBXGroup section */

/* Begin PBXNativeTarget section */
		5F165C5426C003C40097C50E /* iTunes Albums */ = {
			isa = PBXNativeTarget;
			buildConfigurationList = 5F165C6926C003C70097C50E /* Build configuration list for PBXNativeTarget "iTunes Albums" */;
			buildPhases = (
				5F165C5126C003C40097C50E /* Sources */,
				5F165C5226C003C40097C50E /* Frameworks */,
				5F165C5326C003C40097C50E /* Resources */,
			);
			buildRules = (
			);
			dependencies = (
			);
			name = "iTunes Albums";
			productName = "iTunes Albums";
			productReference = 5F165C5526C003C40097C50E /* iTunes Albums.app */;
			productType = "com.apple.product-type.application";
		};
/* End PBXNativeTarget section */

/* Begin PBXProject section */
		5F165C4D26C003C40097C50E /* Project object */ = {
			isa = PBXProject;
			attributes = {
				LastSwiftUpdateCheck = 1250;
				LastUpgradeCheck = 1250;
				TargetAttributes = {
					5F165C5426C003C40097C50E = {
						CreatedOnToolsVersion = 12.5.1;
					};
				};
			};
			buildConfigurationList = 5F165C5026C003C40097C50E /* Build configuration list for PBXProject "iTunes Albums" */;
			compatibilityVersion = "Xcode 9.3";
			developmentRegion = en;
			hasScannedForEncodings = 0;
			knownRegions = (
				en,
				Base,
			);
			mainGroup = 5F165C4C26C003C40097C50E;
			productRefGroup = 5F165C5626C003C40097C50E /* Products */;
			projectDirPath = "";
			projectRoot = "";
			targets = (
				5F165C5426C003C40097C50E /* iTunes Albums */,
			);
		};
/* End PBXProject section */

/* Begin PBXResourcesBuildPhase section */
		5F165C5326C003C40097C50E /* Resources */ = {
			isa = PBXResourcesBuildPhase;
			buildActionMask = 2147483647;
			files = (
				5F165C6526C003C70097C50E /* LaunchScreen.storyboard in Resources */,
				5F165C6226C003C70097C50E /* Assets.xcassets in Resources */,
				5F165C6026C003C40097C50E /* Main.storyboard in Resources */,
			);
			runOnlyForDeploymentPostprocessing = 0;
		};
/* End PBXResourcesBuildPhase section */

/* Begin PBXSourcesBuildPhase section */
		5F165C5126C003C40097C50E /* Sources */ = {
			isa = PBXSourcesBuildPhase;
			buildActionMask = 2147483647;
			files = (
				5F165C7C26C011C20097C50E /* FeedRouter.swift in Sources */,
				5F165C8326C0190F0097C50E /* AlbumDetailsRouter.swift in Sources */,
				5F165C5D26C003C40097C50E /* FeedViewController.swift in Sources */,
				5F165C7626C011710097C50E /* FeedInteractor.swift in Sources */,
				5F165C8A26C019420097C50E /* AlbumDetailsInteractor.swift in Sources */,
				5F165C5926C003C40097C50E /* AppDelegate.swift in Sources */,
				5F165C8C26C019690097C50E /* AlbumDetailsViewController.swift in Sources */,
				5F165C7826C011850097C50E /* FeedProtocols.swift in Sources */,
				5F165C7226C0104D0097C50E /* AlbumEntity.swift in Sources */,
				5F165C7A26C011910097C50E /* FeedPresenter.swift in Sources */,
				5F165C9026C01E870097C50E /* NetworkService.swift in Sources */,
				5F165C8626C0191F0097C50E /* AlbumDetailsPresenter.swift in Sources */,
				5F165C5B26C003C40097C50E /* SceneDelegate.swift in Sources */,
				5F165C8826C0192A0097C50E /* AlbumDetailsProtocols.swift in Sources */,
				5F165C7F26C0162A0097C50E /* Constants.swift in Sources */,
			);
			runOnlyForDeploymentPostprocessing = 0;
		};
/* End PBXSourcesBuildPhase section */

/* Begin PBXVariantGroup section */
		5F165C5E26C003C40097C50E /* Main.storyboard */ = {
			isa = PBXVariantGroup;
			children = (
				5F165C5F26C003C40097C50E /* Base */,
			);
			name = Main.storyboard;
			sourceTree = "<group>";
		};
		5F165C6326C003C70097C50E /* LaunchScreen.storyboard */ = {
			isa = PBXVariantGroup;
			children = (
				5F165C6426C003C70097C50E /* Base */,
			);
			name = LaunchScreen.storyboard;
			sourceTree = "<group>";
		};
/* End PBXVariantGroup section */

/* Begin XCBuildConfiguration section */
		5F165C6726C003C70097C50E /* Debug */ = {
			isa = XCBuildConfiguration;
			buildSettings = {
				ALWAYS_SEARCH_USER_PATHS = NO;
				CLANG_ANALYZER_NONNULL = YES;
				CLANG_ANALYZER_NUMBER_OBJECT_CONVERSION = YES_AGGRESSIVE;
				CLANG_CXX_LANGUAGE_STANDARD = "gnu++14";
				CLANG_CXX_LIBRARY = "libc++";
				CLANG_ENABLE_MODULES = YES;
				CLANG_ENABLE_OBJC_ARC = YES;
				CLANG_ENABLE_OBJC_WEAK = YES;
				CLANG_WARN_BLOCK_CAPTURE_AUTORELEASING = YES;
				CLANG_WARN_BOOL_CONVERSION = YES;
				CLANG_WARN_COMMA = YES;
				CLANG_WARN_CONSTANT_CONVERSION = YES;
				CLANG_WARN_DEPRECATED_OBJC_IMPLEMENTATIONS = YES;
				CLANG_WARN_DIRECT_OBJC_ISA_USAGE = YES_ERROR;
				CLANG_WARN_DOCUMENTATION_COMMENTS = YES;
				CLANG_WARN_EMPTY_BODY = YES;
				CLANG_WARN_ENUM_CONVERSION = YES;
				CLANG_WARN_INFINITE_RECURSION = YES;
				CLANG_WARN_INT_CONVERSION = YES;
				CLANG_WARN_NON_LITERAL_NULL_CONVERSION = YES;
				CLANG_WARN_OBJC_IMPLICIT_RETAIN_SELF = YES;
				CLANG_WARN_OBJC_LITERAL_CONVERSION = YES;
				CLANG_WARN_OBJC_ROOT_CLASS = YES_ERROR;
				CLANG_WARN_QUOTED_INCLUDE_IN_FRAMEWORK_HEADER = YES;
				CLANG_WARN_RANGE_LOOP_ANALYSIS = YES;
				CLANG_WARN_STRICT_PROTOTYPES = YES;
				CLANG_WARN_SUSPICIOUS_MOVE = YES;
				CLANG_WARN_UNGUARDED_AVAILABILITY = YES_AGGRESSIVE;
				CLANG_WARN_UNREACHABLE_CODE = YES;
				CLANG_WARN__DUPLICATE_METHOD_MATCH = YES;
				COPY_PHASE_STRIP = NO;
				DEBUG_INFORMATION_FORMAT = dwarf;
				ENABLE_STRICT_OBJC_MSGSEND = YES;
				ENABLE_TESTABILITY = YES;
				GCC_C_LANGUAGE_STANDARD = gnu11;
				GCC_DYNAMIC_NO_PIC = NO;
				GCC_NO_COMMON_BLOCKS = YES;
				GCC_OPTIMIZATION_LEVEL = 0;
				GCC_PREPROCESSOR_DEFINITIONS = (
					"DEBUG=1",
					"$(inherited)",
				);
				GCC_WARN_64_TO_32_BIT_CONVERSION = YES;
				GCC_WARN_ABOUT_RETURN_TYPE = YES_ERROR;
				GCC_WARN_UNDECLARED_SELECTOR = YES;
				GCC_WARN_UNINITIALIZED_AUTOS = YES_AGGRESSIVE;
				GCC_WARN_UNUSED_FUNCTION = YES;
				GCC_WARN_UNUSED_VARIABLE = YES;
				IPHONEOS_DEPLOYMENT_TARGET = 13.0;
				MTL_ENABLE_DEBUG_INFO = INCLUDE_SOURCE;
				MTL_FAST_MATH = YES;
				ONLY_ACTIVE_ARCH = YES;
				SDKROOT = iphoneos;
				SWIFT_ACTIVE_COMPILATION_CONDITIONS = DEBUG;
				SWIFT_OPTIMIZATION_LEVEL = "-Onone";
			};
			name = Debug;
		};
		5F165C6826C003C70097C50E /* Release */ = {
			isa = XCBuildConfiguration;
			buildSettings = {
				ALWAYS_SEARCH_USER_PATHS = NO;
				CLANG_ANALYZER_NONNULL = YES;
				CLANG_ANALYZER_NUMBER_OBJECT_CONVERSION = YES_AGGRESSIVE;
				CLANG_CXX_LANGUAGE_STANDARD = "gnu++14";
				CLANG_CXX_LIBRARY = "libc++";
				CLANG_ENABLE_MODULES = YES;
				CLANG_ENABLE_OBJC_ARC = YES;
				CLANG_ENABLE_OBJC_WEAK = YES;
				CLANG_WARN_BLOCK_CAPTURE_AUTORELEASING = YES;
				CLANG_WARN_BOOL_CONVERSION = YES;
				CLANG_WARN_COMMA = YES;
				CLANG_WARN_CONSTANT_CONVERSION = YES;
				CLANG_WARN_DEPRECATED_OBJC_IMPLEMENTATIONS = YES;
				CLANG_WARN_DIRECT_OBJC_ISA_USAGE = YES_ERROR;
				CLANG_WARN_DOCUMENTATION_COMMENTS = YES;
				CLANG_WARN_EMPTY_BODY = YES;
				CLANG_WARN_ENUM_CONVERSION = YES;
				CLANG_WARN_INFINITE_RECURSION = YES;
				CLANG_WARN_INT_CONVERSION = YES;
				CLANG_WARN_NON_LITERAL_NULL_CONVERSION = YES;
				CLANG_WARN_OBJC_IMPLICIT_RETAIN_SELF = YES;
				CLANG_WARN_OBJC_LITERAL_CONVERSION = YES;
				CLANG_WARN_OBJC_ROOT_CLASS = YES_ERROR;
				CLANG_WARN_QUOTED_INCLUDE_IN_FRAMEWORK_HEADER = YES;
				CLANG_WARN_RANGE_LOOP_ANALYSIS = YES;
				CLANG_WARN_STRICT_PROTOTYPES = YES;
				CLANG_WARN_SUSPICIOUS_MOVE = YES;
				CLANG_WARN_UNGUARDED_AVAILABILITY = YES_AGGRESSIVE;
				CLANG_WARN_UNREACHABLE_CODE = YES;
				CLANG_WARN__DUPLICATE_METHOD_MATCH = YES;
				COPY_PHASE_STRIP = NO;
				DEBUG_INFORMATION_FORMAT = "dwarf-with-dsym";
				ENABLE_NS_ASSERTIONS = NO;
				ENABLE_STRICT_OBJC_MSGSEND = YES;
				GCC_C_LANGUAGE_STANDARD = gnu11;
				GCC_NO_COMMON_BLOCKS = YES;
				GCC_WARN_64_TO_32_BIT_CONVERSION = YES;
				GCC_WARN_ABOUT_RETURN_TYPE = YES_ERROR;
				GCC_WARN_UNDECLARED_SELECTOR = YES;
				GCC_WARN_UNINITIALIZED_AUTOS = YES_AGGRESSIVE;
				GCC_WARN_UNUSED_FUNCTION = YES;
				GCC_WARN_UNUSED_VARIABLE = YES;
				IPHONEOS_DEPLOYMENT_TARGET = 13.0;
				MTL_ENABLE_DEBUG_INFO = NO;
				MTL_FAST_MATH = YES;
				SDKROOT = iphoneos;
				SWIFT_COMPILATION_MODE = wholemodule;
				SWIFT_OPTIMIZATION_LEVEL = "-O";
				VALIDATE_PRODUCT = YES;
			};
			name = Release;
		};
		5F165C6A26C003C70097C50E /* Debug */ = {
			isa = XCBuildConfiguration;
			buildSettings = {
				ASSETCATALOG_COMPILER_APPICON_NAME = AppIcon;
				ASSETCATALOG_COMPILER_GLOBAL_ACCENT_COLOR_NAME = AccentColor;
				CODE_SIGN_STYLE = Automatic;
				DEVELOPMENT_TEAM = Z28LM9PLJM;
				INFOPLIST_FILE = "iTunes Albums/App Settings/Info.plist";
				IPHONEOS_DEPLOYMENT_TARGET = 13.0;
				LD_RUNPATH_SEARCH_PATHS = (
					"$(inherited)",
					"@executable_path/Frameworks",
				);
				PRODUCT_BUNDLE_IDENTIFIER = "com.hellovidev.iTunes-Albums";
				PRODUCT_NAME = "$(TARGET_NAME)";
				SWIFT_VERSION = 5.0;
				TARGETED_DEVICE_FAMILY = 1;
			};
			name = Debug;
		};
		5F165C6B26C003C70097C50E /* Release */ = {
			isa = XCBuildConfiguration;
			buildSettings = {
				ASSETCATALOG_COMPILER_APPICON_NAME = AppIcon;
				ASSETCATALOG_COMPILER_GLOBAL_ACCENT_COLOR_NAME = AccentColor;
				CODE_SIGN_STYLE = Automatic;
				DEVELOPMENT_TEAM = Z28LM9PLJM;
				INFOPLIST_FILE = "iTunes Albums/App Settings/Info.plist";
				IPHONEOS_DEPLOYMENT_TARGET = 13.0;
				LD_RUNPATH_SEARCH_PATHS = (
					"$(inherited)",
					"@executable_path/Frameworks",
				);
				PRODUCT_BUNDLE_IDENTIFIER = "com.hellovidev.iTunes-Albums";
				PRODUCT_NAME = "$(TARGET_NAME)";
				SWIFT_VERSION = 5.0;
				TARGETED_DEVICE_FAMILY = 1;
			};
			name = Release;
		};
/* End XCBuildConfiguration section */

/* Begin XCConfigurationList section */
		5F165C5026C003C40097C50E /* Build configuration list for PBXProject "iTunes Albums" */ = {
			isa = XCConfigurationList;
			buildConfigurations = (
				5F165C6726C003C70097C50E /* Debug */,
				5F165C6826C003C70097C50E /* Release */,
			);
			defaultConfigurationIsVisible = 0;
			defaultConfigurationName = Release;
		};
		5F165C6926C003C70097C50E /* Build configuration list for PBXNativeTarget "iTunes Albums" */ = {
			isa = XCConfigurationList;
			buildConfigurations = (
				5F165C6A26C003C70097C50E /* Debug */,
				5F165C6B26C003C70097C50E /* Release */,
			);
			defaultConfigurationIsVisible = 0;
			defaultConfigurationName = Release;
		};
/* End XCConfigurationList section */
	};
	rootObject = 5F165C4D26C003C40097C50E /* Project object */;
}
